
Microsoft Visual Studio Solution File, Format Version 12.00
# Visual Studio 15
VisualStudioVersion = 15.0.27004.2010
MinimumVisualStudioVersion = 10.0.40219.1
Project("{FAE04EC0-301F-11D3-BF4B-00C04F79EFBC}") = "Eg.Core", "Eg.Core\Eg.Core.csproj", "{58C039F8-6494-47CE-81AA-ACA3709BD7F5}"
EndProject
Project("{FAE04EC0-301F-11D3-BF4B-00C04F79EFBC}") = "ConfigByXml", "ConfigByXml\ConfigByXml.csproj", "{2F081DB8-B5CA-4516-82A8-397979C5B884}"
EndProject
Project("{FAE04EC0-301F-11D3-BF4B-00C04F79EFBC}") = "ConfigByAppConfig", "ConfigByAppConfig\ConfigByAppConfig.csproj", "{C9E38DBC-FB41-4F57-893E-24ED16A65950}"
EndProject
Project("{FAE04EC0-301F-11D3-BF4B-00C04F79EFBC}") = "ConfigByCode", "ConfigByCode\ConfigByCode.csproj", "{84438FDC-BC4F-4FB4-B5F8-A592DD66F4D0}"
EndProject
Project("{FAE04EC0-301F-11D3-BF4B-00C04F79EFBC}") = "ConfigByFNH", "ConfigByFNH\ConfigByFNH.csproj", "{E350E1D3-C26C-435B-8445-BE07353F15B2}"
EndProject
Project("{FAE04EC0-301F-11D3-BF4B-00C04F79EFBC}") = "MappingRecipes", "MappingRecipes\MappingRecipes.csproj", "{63EF7BCC-9E75-4195-A21B-07D8F9346FC0}"
EndProject
Project("{FAE04EC0-301F-11D3-BF4B-00C04F79EFBC}") = "ActionFilterExample", "SetUpSession\ActionFilterExample.csproj", "{EFE0351A-1AB3-4FE4-AFD2-7C3012DFA7C6}"
EndProject
Project("{FAE04EC0-301F-11D3-BF4B-00C04F79EFBC}") = "SessionPerPresenter", "SessionPerPresenter\SessionPerPresenter.csproj", "{824E8EE2-49E6-4EC1-A325-8FE877085974}"
EndProject
Global
	GlobalSection(SolutionConfigurationPlatforms) = preSolution
		Debug|Any CPU = Debug|Any CPU
		Release|Any CPU = Release|Any CPU
	EndGlobalSection
	GlobalSection(ProjectConfigurationPlatforms) = postSolution
		{58C039F8-6494-47CE-81AA-ACA3709BD7F5}.Debug|Any CPU.ActiveCfg = Debug|Any CPU
		{58C039F8-6494-47CE-81AA-ACA3709BD7F5}.Debug|Any CPU.Build.0 = Debug|Any CPU
		{58C039F8-6494-47CE-81AA-ACA3709BD7F5}.Release|Any CPU.ActiveCfg = Release|Any CPU
		{58C039F8-6494-47CE-81AA-ACA3709BD7F5}.Release|Any CPU.Build.0 = Release|Any CPU
		{2F081DB8-B5CA-4516-82A8-397979C5B884}.Debug|Any CPU.ActiveCfg = Debug|Any CPU
		{2F081DB8-B5CA-4516-82A8-397979C5B884}.Debug|Any CPU.Build.0 = Debug|Any CPU
		{2F081DB8-B5CA-4516-82A8-397979C5B884}.Release|Any CPU.ActiveCfg = Release|Any CPU
		{2F081DB8-B5CA-4516-82A8-397979C5B884}.Release|Any CPU.Build.0 = Release|Any CPU
		{C9E38DBC-FB41-4F57-893E-24ED16A65950}.Debug|Any CPU.ActiveCfg = Debug|Any CPU
		{C9E38DBC-FB41-4F57-893E-24ED16A65950}.Debug|Any CPU.Build.0 = Debug|Any CPU
		{C9E38DBC-FB41-4F57-893E-24ED16A65950}.Release|Any CPU.ActiveCfg = Release|Any CPU
		{C9E38DBC-FB41-4F57-893E-24ED16A65950}.Release|Any CPU.Build.0 = Release|Any CPU
		{84438FDC-BC4F-4FB4-B5F8-A592DD66F4D0}.Debug|Any CPU.ActiveCfg = Debug|Any CPU
		{84438FDC-BC4F-4FB4-B5F8-A592DD66F4D0}.Debug|Any CPU.Build.0 = Debug|Any CPU
		{84438FDC-BC4F-4FB4-B5F8-A592DD66F4D0}.Release|Any CPU.ActiveCfg = Release|Any CPU
		{84438FDC-BC4F-4FB4-B5F8-A592DD66F4D0}.Release|Any CPU.Build.0 = Release|Any CPU
		{E350E1D3-C26C-435B-8445-BE07353F15B2}.Debug|Any CPU.ActiveCfg = Debug|Any CPU
		{E350E1D3-C26C-435B-8445-BE07353F15B2}.Debug|Any CPU.Build.0 = Debug|Any CPU
		{E350E1D3-C26C-435B-8445-BE07353F15B2}.Release|Any CPU.ActiveCfg = Release|Any CPU
		{E350E1D3-C26C-435B-8445-BE07353F15B2}.Release|Any CPU.Build.0 = Release|Any CPU
		{63EF7BCC-9E75-4195-A21B-07D8F9346FC0}.Debug|Any CPU.ActiveCfg = Debug|Any CPU
		{63EF7BCC-9E75-4195-A21B-07D8F9346FC0}.Debug|Any CPU.Build.0 = Debug|Any CPU
		{63EF7BCC-9E75-4195-A21B-07D8F9346FC0}.Release|Any CPU.ActiveCfg = Release|Any CPU
		{63EF7BCC-9E75-4195-A21B-07D8F9346FC0}.Release|Any CPU.Build.0 = Release|Any CPU
		{EFE0351A-1AB3-4FE4-AFD2-7C3012DFA7C6}.Debug|Any CPU.ActiveCfg = Debug|Any CPU
		{EFE0351A-1AB3-4FE4-AFD2-7C3012DFA7C6}.Debug|Any CPU.Build.0 = Debug|Any CPU
		{EFE0351A-1AB3-4FE4-AFD2-7C3012DFA7C6}.Release|Any CPU.ActiveCfg = Release|Any CPU
		{EFE0351A-1AB3-4FE4-AFD2-7C3012DFA7C6}.Release|Any CPU.Build.0 = Release|Any CPU
		{824E8EE2-49E6-4EC1-A325-8FE877085974}.Debug|Any CPU.ActiveCfg = Debug|Any CPU
		{824E8EE2-49E6-4EC1-A325-8FE877085974}.Debug|Any CPU.Build.0 = Debug|Any CPU
		{824E8EE2-49E6-4EC1-A325-8FE877085974}.Release|Any CPU.ActiveCfg = Release|Any CPU
		{824E8EE2-49E6-4EC1-A325-8FE877085974}.Release|Any CPU.Build.0 = Release|Any CPU
	EndGlobalSection
	GlobalSection(SolutionProperties) = preSolution
		HideSolutionNode = FALSE
	EndGlobalSection
	GlobalSection(ExtensibilityGlobals) = postSolution
		SolutionGuid = {DAC18624-21ED-4217-BF11-BEEBB79522D2}
	EndGlobalSection
EndGlobal
